
Microsoft Visual Studio Solution File, Format Version 12.00
# Visual Studio 15
VisualStudioVersion = 15.0.26124.0
MinimumVisualStudioVersion = 15.0.26124.0
Project("{2150E333-8FDC-42A3-9474-1A3956D46DE8}") = "src", "src", "{F1C3697A-14C7-44F4-BB2C-8F2874DD3C7D}"
EndProject
Project("{2150E333-8FDC-42A3-9474-1A3956D46DE8}") = "tests", "tests", "{DDCA53F5-9626-4C73-9BDA-21A28CD98993}"
EndProject
Project("{F2A71F9B-5D33-465A-A702-920D77279786}") = "SecondSemester.UnitTests", "tests\SecondSemester.UnitTests\SecondSemester.UnitTests.fsproj", "{04410448-2C89-48B9-AB7A-54FAC8CBDB0C}"
EndProject
Project("{F2A71F9B-5D33-465A-A702-920D77279786}") = "MatrixLib", "src\MatrixLib\MatrixLib.fsproj", "{5DE50205-6F34-4460-BD39-62AE44560D58}"
EndProject
Project("{F2A71F9B-5D33-465A-A702-920D77279786}") = "Quadtrees", "src\Quadtrees\Quadtrees.fsproj", "{A5C66181-E336-4382-AFD2-8D41122DA87C}"
EndProject
Project("{F2A71F9B-5D33-465A-A702-920D77279786}") = "Generator", "src\Generator\Generator.fsproj", "{38237F4E-67C9-44CE-867E-982A7D90654C}"
EndProject
Global
	GlobalSection(SolutionConfigurationPlatforms) = preSolution
		Debug|Any CPU = Debug|Any CPU
		Debug|x64 = Debug|x64
		Debug|x86 = Debug|x86
		Release|Any CPU = Release|Any CPU
		Release|x64 = Release|x64
		Release|x86 = Release|x86
	EndGlobalSection
	GlobalSection(SolutionProperties) = preSolution
		HideSolutionNode = FALSE
	EndGlobalSection
	GlobalSection(ProjectConfigurationPlatforms) = postSolution
		{04410448-2C89-48B9-AB7A-54FAC8CBDB0C}.Debug|Any CPU.ActiveCfg = Debug|Any CPU
		{04410448-2C89-48B9-AB7A-54FAC8CBDB0C}.Debug|Any CPU.Build.0 = Debug|Any CPU
		{04410448-2C89-48B9-AB7A-54FAC8CBDB0C}.Debug|x64.ActiveCfg = Debug|Any CPU
		{04410448-2C89-48B9-AB7A-54FAC8CBDB0C}.Debug|x64.Build.0 = Debug|Any CPU
		{04410448-2C89-48B9-AB7A-54FAC8CBDB0C}.Debug|x86.ActiveCfg = Debug|Any CPU
		{04410448-2C89-48B9-AB7A-54FAC8CBDB0C}.Debug|x86.Build.0 = Debug|Any CPU
		{04410448-2C89-48B9-AB7A-54FAC8CBDB0C}.Release|Any CPU.ActiveCfg = Release|Any CPU
		{04410448-2C89-48B9-AB7A-54FAC8CBDB0C}.Release|Any CPU.Build.0 = Release|Any CPU
		{04410448-2C89-48B9-AB7A-54FAC8CBDB0C}.Release|x64.ActiveCfg = Release|Any CPU
		{04410448-2C89-48B9-AB7A-54FAC8CBDB0C}.Release|x64.Build.0 = Release|Any CPU
		{04410448-2C89-48B9-AB7A-54FAC8CBDB0C}.Release|x86.ActiveCfg = Release|Any CPU
		{04410448-2C89-48B9-AB7A-54FAC8CBDB0C}.Release|x86.Build.0 = Release|Any CPU
		{5DE50205-6F34-4460-BD39-62AE44560D58}.Debug|Any CPU.ActiveCfg = Debug|Any CPU
		{5DE50205-6F34-4460-BD39-62AE44560D58}.Debug|Any CPU.Build.0 = Debug|Any CPU
		{5DE50205-6F34-4460-BD39-62AE44560D58}.Debug|x64.ActiveCfg = Debug|Any CPU
		{5DE50205-6F34-4460-BD39-62AE44560D58}.Debug|x64.Build.0 = Debug|Any CPU
		{5DE50205-6F34-4460-BD39-62AE44560D58}.Debug|x86.ActiveCfg = Debug|Any CPU
		{5DE50205-6F34-4460-BD39-62AE44560D58}.Debug|x86.Build.0 = Debug|Any CPU
		{5DE50205-6F34-4460-BD39-62AE44560D58}.Release|Any CPU.ActiveCfg = Release|Any CPU
		{5DE50205-6F34-4460-BD39-62AE44560D58}.Release|Any CPU.Build.0 = Release|Any CPU
		{5DE50205-6F34-4460-BD39-62AE44560D58}.Release|x64.ActiveCfg = Release|Any CPU
		{5DE50205-6F34-4460-BD39-62AE44560D58}.Release|x64.Build.0 = Release|Any CPU
		{5DE50205-6F34-4460-BD39-62AE44560D58}.Release|x86.ActiveCfg = Release|Any CPU
		{5DE50205-6F34-4460-BD39-62AE44560D58}.Release|x86.Build.0 = Release|Any CPU
		{A5C66181-E336-4382-AFD2-8D41122DA87C}.Debug|Any CPU.ActiveCfg = Debug|Any CPU
		{A5C66181-E336-4382-AFD2-8D41122DA87C}.Debug|Any CPU.Build.0 = Debug|Any CPU
		{A5C66181-E336-4382-AFD2-8D41122DA87C}.Debug|x64.ActiveCfg = Debug|Any CPU
		{A5C66181-E336-4382-AFD2-8D41122DA87C}.Debug|x64.Build.0 = Debug|Any CPU
		{A5C66181-E336-4382-AFD2-8D41122DA87C}.Debug|x86.ActiveCfg = Debug|Any CPU
		{A5C66181-E336-4382-AFD2-8D41122DA87C}.Debug|x86.Build.0 = Debug|Any CPU
		{A5C66181-E336-4382-AFD2-8D41122DA87C}.Release|Any CPU.ActiveCfg = Release|Any CPU
		{A5C66181-E336-4382-AFD2-8D41122DA87C}.Release|Any CPU.Build.0 = Release|Any CPU
		{A5C66181-E336-4382-AFD2-8D41122DA87C}.Release|x64.ActiveCfg = Release|Any CPU
		{A5C66181-E336-4382-AFD2-8D41122DA87C}.Release|x64.Build.0 = Release|Any CPU
		{A5C66181-E336-4382-AFD2-8D41122DA87C}.Release|x86.ActiveCfg = Release|Any CPU
		{A5C66181-E336-4382-AFD2-8D41122DA87C}.Release|x86.Build.0 = Release|Any CPU
		{38237F4E-67C9-44CE-867E-982A7D90654C}.Debug|Any CPU.ActiveCfg = Debug|Any CPU
		{38237F4E-67C9-44CE-867E-982A7D90654C}.Debug|Any CPU.Build.0 = Debug|Any CPU
		{38237F4E-67C9-44CE-867E-982A7D90654C}.Debug|x64.ActiveCfg = Debug|Any CPU
		{38237F4E-67C9-44CE-867E-982A7D90654C}.Debug|x64.Build.0 = Debug|Any CPU
		{38237F4E-67C9-44CE-867E-982A7D90654C}.Debug|x86.ActiveCfg = Debug|Any CPU
		{38237F4E-67C9-44CE-867E-982A7D90654C}.Debug|x86.Build.0 = Debug|Any CPU
		{38237F4E-67C9-44CE-867E-982A7D90654C}.Release|Any CPU.ActiveCfg = Release|Any CPU
		{38237F4E-67C9-44CE-867E-982A7D90654C}.Release|Any CPU.Build.0 = Release|Any CPU
		{38237F4E-67C9-44CE-867E-982A7D90654C}.Release|x64.ActiveCfg = Release|Any CPU
		{38237F4E-67C9-44CE-867E-982A7D90654C}.Release|x64.Build.0 = Release|Any CPU
		{38237F4E-67C9-44CE-867E-982A7D90654C}.Release|x86.ActiveCfg = Release|Any CPU
		{38237F4E-67C9-44CE-867E-982A7D90654C}.Release|x86.Build.0 = Release|Any CPU
	EndGlobalSection
	GlobalSection(NestedProjects) = preSolution
		{04410448-2C89-48B9-AB7A-54FAC8CBDB0C} = {DDCA53F5-9626-4C73-9BDA-21A28CD98993}
		{5DE50205-6F34-4460-BD39-62AE44560D58} = {F1C3697A-14C7-44F4-BB2C-8F2874DD3C7D}
		{A5C66181-E336-4382-AFD2-8D41122DA87C} = {F1C3697A-14C7-44F4-BB2C-8F2874DD3C7D}
		{38237F4E-67C9-44CE-867E-982A7D90654C} = {F1C3697A-14C7-44F4-BB2C-8F2874DD3C7D}
	EndGlobalSection
EndGlobal
